// !$*UTF8*$!
{
	archiveVersion = 1;
	classes = {
	};
	objectVersion = 77;
	objects = {

/* Begin PBXBuildFile section */
		E296E61E2DC6808500B6E364 /* Assets.xcassets in Resources */ = {isa = PBXBuildFile; fileRef = E296E6152DC6808500B6E364 /* Assets.xcassets */; };
		E296E6202DC6808500B6E364 /* LaunchScreen.storyboard in Resources */ = {isa = PBXBuildFile; fileRef = E296E6182DC6808500B6E364 /* LaunchScreen.storyboard */; };
		E296E6212DC6808500B6E364 /* Main.storyboard in Resources */ = {isa = PBXBuildFile; fileRef = E296E61A2DC6808500B6E364 /* Main.storyboard */; };
		E296E6222DC6808500B6E364 /* AppDelegate.swift in Sources */ = {isa = PBXBuildFile; fileRef = E296E6142DC6808500B6E364 /* AppDelegate.swift */; };
		E296E6232DC6808500B6E364 /* SceneDelegate.swift in Sources */ = {isa = PBXBuildFile; fileRef = E296E61B2DC6808500B6E364 /* SceneDelegate.swift */; };
		E296E6242DC6808500B6E364 /* LuditoCustomTabBarController.swift in Sources */ = {isa = PBXBuildFile; fileRef = E296E61C2DC6808500B6E364 /* LuditoCustomTabBarController.swift */; };
		E296E62D2DC6831F00B6E364 /* LuditoCustomTabBar.swift in Sources */ = {isa = PBXBuildFile; fileRef = E296E62C2DC6831F00B6E364 /* LuditoCustomTabBar.swift */; };
		E296E6302DC68F6700B6E364 /* BookmarkViewController.swift in Sources */ = {isa = PBXBuildFile; fileRef = E296E62F2DC68F6700B6E364 /* BookmarkViewController.swift */; };
		E296E6322DC68F9300B6E364 /* YandexMapsViewController.swift in Sources */ = {isa = PBXBuildFile; fileRef = E296E6312DC68F9300B6E364 /* YandexMapsViewController.swift */; };
		E296E6342DC68FB400B6E364 /* UserDetailsViewController.swift in Sources */ = {isa = PBXBuildFile; fileRef = E296E6332DC68FB400B6E364 /* UserDetailsViewController.swift */; };
		E296E6362DC691FF00B6E364 /* LuditoTabBarTitleView.swift in Sources */ = {isa = PBXBuildFile; fileRef = E296E6352DC691FF00B6E364 /* LuditoTabBarTitleView.swift */; };
		E296E63A2DC6998D00B6E364 /* Roboto-SemiBold.ttf in Resources */ = {isa = PBXBuildFile; fileRef = E296E6392DC6998D00B6E364 /* Roboto-SemiBold.ttf */; };
		E296E63B2DC6998D00B6E364 /* Roboto-Bold.ttf in Resources */ = {isa = PBXBuildFile; fileRef = E296E6382DC6998D00B6E364 /* Roboto-Bold.ttf */; };
		ED4405CA3C25BA5D12DCE809 /* Pods_Maps_Ludito_Test.framework in Frameworks */ = {isa = PBXBuildFile; fileRef = D8C42FAFC18856FAE523AC28 /* Pods_Maps_Ludito_Test.framework */; };
/* End PBXBuildFile section */

/* Begin PBXFileReference section */
		9F067CDC07E8D70E40AEB9AA /* Pods-Maps-Ludito-Test.release.xcconfig */ = {isa = PBXFileReference; includeInIndex = 1; lastKnownFileType = text.xcconfig; name = "Pods-Maps-Ludito-Test.release.xcconfig"; path = "Target Support Files/Pods-Maps-Ludito-Test/Pods-Maps-Ludito-Test.release.xcconfig"; sourceTree = "<group>"; };
		D8C42FAFC18856FAE523AC28 /* Pods_Maps_Ludito_Test.framework */ = {isa = PBXFileReference; explicitFileType = wrapper.framework; includeInIndex = 0; path = Pods_Maps_Ludito_Test.framework; sourceTree = BUILT_PRODUCTS_DIR; };
		E296E5FA2DC677AE00B6E364 /* Maps-Ludito-Test.app */ = {isa = PBXFileReference; explicitFileType = wrapper.application; includeInIndex = 0; path = "Maps-Ludito-Test.app"; sourceTree = BUILT_PRODUCTS_DIR; };
		E296E6142DC6808500B6E364 /* AppDelegate.swift */ = {isa = PBXFileReference; lastKnownFileType = sourcecode.swift; path = AppDelegate.swift; sourceTree = "<group>"; };
		E296E6152DC6808500B6E364 /* Assets.xcassets */ = {isa = PBXFileReference; lastKnownFileType = folder.assetcatalog; path = Assets.xcassets; sourceTree = "<group>"; };
		E296E6162DC6808500B6E364 /* Info.plist */ = {isa = PBXFileReference; lastKnownFileType = text.plist.xml; path = Info.plist; sourceTree = "<group>"; };
		E296E6172DC6808500B6E364 /* Base */ = {isa = PBXFileReference; lastKnownFileType = file.storyboard; name = Base; path = Base.lproj/LaunchScreen.storyboard; sourceTree = "<group>"; };
		E296E6192DC6808500B6E364 /* Base */ = {isa = PBXFileReference; lastKnownFileType = file.storyboard; name = Base; path = Base.lproj/Main.storyboard; sourceTree = "<group>"; };
		E296E61B2DC6808500B6E364 /* SceneDelegate.swift */ = {isa = PBXFileReference; lastKnownFileType = sourcecode.swift; path = SceneDelegate.swift; sourceTree = "<group>"; };
		E296E61C2DC6808500B6E364 /* LuditoCustomTabBarController.swift */ = {isa = PBXFileReference; lastKnownFileType = sourcecode.swift; path = LuditoCustomTabBarController.swift; sourceTree = "<group>"; };
		E296E62C2DC6831F00B6E364 /* LuditoCustomTabBar.swift */ = {isa = PBXFileReference; lastKnownFileType = sourcecode.swift; path = LuditoCustomTabBar.swift; sourceTree = "<group>"; };
		E296E62F2DC68F6700B6E364 /* BookmarkViewController.swift */ = {isa = PBXFileReference; lastKnownFileType = sourcecode.swift; path = BookmarkViewController.swift; sourceTree = "<group>"; };
		E296E6312DC68F9300B6E364 /* YandexMapsViewController.swift */ = {isa = PBXFileReference; lastKnownFileType = sourcecode.swift; path = YandexMapsViewController.swift; sourceTree = "<group>"; };
		E296E6332DC68FB400B6E364 /* UserDetailsViewController.swift */ = {isa = PBXFileReference; lastKnownFileType = sourcecode.swift; path = UserDetailsViewController.swift; sourceTree = "<group>"; };
		E296E6352DC691FF00B6E364 /* LuditoTabBarTitleView.swift */ = {isa = PBXFileReference; lastKnownFileType = sourcecode.swift; path = LuditoTabBarTitleView.swift; sourceTree = "<group>"; };
		E296E6382DC6998D00B6E364 /* Roboto-Bold.ttf */ = {isa = PBXFileReference; lastKnownFileType = file; path = "Roboto-Bold.ttf"; sourceTree = "<group>"; };
		E296E6392DC6998D00B6E364 /* Roboto-SemiBold.ttf */ = {isa = PBXFileReference; lastKnownFileType = file; path = "Roboto-SemiBold.ttf"; sourceTree = "<group>"; };
		F67777D2A8768006722B9564 /* Pods-Maps-Ludito-Test.debug.xcconfig */ = {isa = PBXFileReference; includeInIndex = 1; lastKnownFileType = text.xcconfig; name = "Pods-Maps-Ludito-Test.debug.xcconfig"; path = "Target Support Files/Pods-Maps-Ludito-Test/Pods-Maps-Ludito-Test.debug.xcconfig"; sourceTree = "<group>"; };
/* End PBXFileReference section */

/* Begin PBXFrameworksBuildPhase section */
		E296E5F72DC677AE00B6E364 /* Frameworks */ = {
			isa = PBXFrameworksBuildPhase;
			buildActionMask = 2147483647;
			files = (
				ED4405CA3C25BA5D12DCE809 /* Pods_Maps_Ludito_Test.framework in Frameworks */,
			);
			runOnlyForDeploymentPostprocessing = 0;
		};
/* End PBXFrameworksBuildPhase section */

/* Begin PBXGroup section */
		511948771901AAE034F1D8F0 /* Pods */ = {
			isa = PBXGroup;
			children = (
				F67777D2A8768006722B9564 /* Pods-Maps-Ludito-Test.debug.xcconfig */,
				9F067CDC07E8D70E40AEB9AA /* Pods-Maps-Ludito-Test.release.xcconfig */,
			);
			path = Pods;
			sourceTree = "<group>";
		};
		A7DA3F29BC4B517B8C0735F3 /* Frameworks */ = {
			isa = PBXGroup;
			children = (
				D8C42FAFC18856FAE523AC28 /* Pods_Maps_Ludito_Test.framework */,
			);
			name = Frameworks;
			sourceTree = "<group>";
		};
		E296E5F12DC677AE00B6E364 = {
			isa = PBXGroup;
			children = (
				E296E61D2DC6808500B6E364 /* Maps-Ludito-Test */,
				E296E5FB2DC677AE00B6E364 /* Products */,
				511948771901AAE034F1D8F0 /* Pods */,
				A7DA3F29BC4B517B8C0735F3 /* Frameworks */,
			);
			sourceTree = "<group>";
		};
		E296E5FB2DC677AE00B6E364 /* Products */ = {
			isa = PBXGroup;
			children = (
				E296E5FA2DC677AE00B6E364 /* Maps-Ludito-Test.app */,
			);
			name = Products;
			sourceTree = "<group>";
		};
		E296E6132DC6808500B6E364 /* Scene */ = {
			isa = PBXGroup;
			children = (
				E296E6262DC6816600B6E364 /* Storyboards */,
				E296E6252DC6808D00B6E364 /* Controllers */,
				E296E6292DC6830400B6E364 /* Components */,
			);
			path = Scene;
			sourceTree = "<group>";
		};
		E296E61D2DC6808500B6E364 /* Maps-Ludito-Test */ = {
			isa = PBXGroup;
			children = (
				E296E6272DC6817A00B6E364 /* Main */,
				E296E6132DC6808500B6E364 /* Scene */,
				E296E6162DC6808500B6E364 /* Info.plist */,
			);
			path = "Maps-Ludito-Test";
			sourceTree = "<group>";
		};
		E296E6252DC6808D00B6E364 /* Controllers */ = {
			isa = PBXGroup;
			children = (
				E296E61C2DC6808500B6E364 /* LuditoCustomTabBarController.swift */,
				E296E62F2DC68F6700B6E364 /* BookmarkViewController.swift */,
				E296E6312DC68F9300B6E364 /* YandexMapsViewController.swift */,
				E296E6332DC68FB400B6E364 /* UserDetailsViewController.swift */,
			);
			path = Controllers;
			sourceTree = "<group>";
		};
		E296E6262DC6816600B6E364 /* Storyboards */ = {
			isa = PBXGroup;
			children = (
				E296E6182DC6808500B6E364 /* LaunchScreen.storyboard */,
				E296E61A2DC6808500B6E364 /* Main.storyboard */,
			);
			path = Storyboards;
			sourceTree = "<group>";
		};
		E296E6272DC6817A00B6E364 /* Main */ = {
			isa = PBXGroup;
			children = (
				E296E6282DC6818300B6E364 /* Resources */,
				E296E61B2DC6808500B6E364 /* SceneDelegate.swift */,
				E296E6142DC6808500B6E364 /* AppDelegate.swift */,
			);
			path = Main;
			sourceTree = "<group>";
		};
		E296E6282DC6818300B6E364 /* Resources */ = {
			isa = PBXGroup;
			children = (
				E296E6372DC6997000B6E364 /* Fonts */,
				E296E6152DC6808500B6E364 /* Assets.xcassets */,
			);
			path = Resources;
			sourceTree = "<group>";
		};
		E296E6292DC6830400B6E364 /* Components */ = {
			isa = PBXGroup;
			children = (
				E296E6352DC691FF00B6E364 /* LuditoTabBarTitleView.swift */,
				E296E62C2DC6831F00B6E364 /* LuditoCustomTabBar.swift */,
			);
			path = Components;
			sourceTree = "<group>";
		};
		E296E6372DC6997000B6E364 /* Fonts */ = {
			isa = PBXGroup;
			children = (
				E296E6382DC6998D00B6E364 /* Roboto-Bold.ttf */,
				E296E6392DC6998D00B6E364 /* Roboto-SemiBold.ttf */,
			);
			path = Fonts;
			sourceTree = "<group>";
		};
/* End PBXGroup section */

/* Begin PBXNativeTarget section */
		E296E5F92DC677AE00B6E364 /* Maps-Ludito-Test */ = {
			isa = PBXNativeTarget;
			buildConfigurationList = E296E60D2DC677B000B6E364 /* Build configuration list for PBXNativeTarget "Maps-Ludito-Test" */;
			buildPhases = (
				602F4EA803916BADA512FC72 /* [CP] Check Pods Manifest.lock */,
				E296E5F62DC677AE00B6E364 /* Sources */,
				E296E5F72DC677AE00B6E364 /* Frameworks */,
				E296E5F82DC677AE00B6E364 /* Resources */,
				FE263D3DF2AC35C82921033A /* [CP] Copy Pods Resources */,
			);
			buildRules = (
			);
			dependencies = (
			);
			name = "Maps-Ludito-Test";
			productName = "Maps-Ludito-Test";
			productReference = E296E5FA2DC677AE00B6E364 /* Maps-Ludito-Test.app */;
			productType = "com.apple.product-type.application";
		};
/* End PBXNativeTarget section */

/* Begin PBXProject section */
		E296E5F22DC677AE00B6E364 /* Project object */ = {
			isa = PBXProject;
			attributes = {
				BuildIndependentTargetsInParallel = 1;
				LastSwiftUpdateCheck = 1630;
				LastUpgradeCheck = 1630;
				TargetAttributes = {
					E296E5F92DC677AE00B6E364 = {
						CreatedOnToolsVersion = 16.3;
					};
				};
			};
			buildConfigurationList = E296E5F52DC677AE00B6E364 /* Build configuration list for PBXProject "Maps-Ludito-Test" */;
			developmentRegion = en;
			hasScannedForEncodings = 0;
			knownRegions = (
				en,
				Base,
			);
			mainGroup = E296E5F12DC677AE00B6E364;
			minimizedProjectReferenceProxies = 1;
			preferredProjectObjectVersion = 77;
			productRefGroup = E296E5FB2DC677AE00B6E364 /* Products */;
			projectDirPath = "";
			projectRoot = "";
			targets = (
				E296E5F92DC677AE00B6E364 /* Maps-Ludito-Test */,
			);
		};
/* End PBXProject section */

/* Begin PBXResourcesBuildPhase section */
		E296E5F82DC677AE00B6E364 /* Resources */ = {
			isa = PBXResourcesBuildPhase;
			buildActionMask = 2147483647;
			files = (
				E296E61E2DC6808500B6E364 /* Assets.xcassets in Resources */,
				E296E6202DC6808500B6E364 /* LaunchScreen.storyboard in Resources */,
				E296E63A2DC6998D00B6E364 /* Roboto-SemiBold.ttf in Resources */,
				E296E63B2DC6998D00B6E364 /* Roboto-Bold.ttf in Resources */,
				E296E6212DC6808500B6E364 /* Main.storyboard in Resources */,
			);
			runOnlyForDeploymentPostprocessing = 0;
		};
/* End PBXResourcesBuildPhase section */

/* Begin PBXShellScriptBuildPhase section */
		602F4EA803916BADA512FC72 /* [CP] Check Pods Manifest.lock */ = {
			isa = PBXShellScriptBuildPhase;
			buildActionMask = 2147483647;
			files = (
			);
			inputFileListPaths = (
			);
			inputPaths = (
				"${PODS_PODFILE_DIR_PATH}/Podfile.lock",
				"${PODS_ROOT}/Manifest.lock",
			);
			name = "[CP] Check Pods Manifest.lock";
			outputFileListPaths = (
			);
			outputPaths = (
				"$(DERIVED_FILE_DIR)/Pods-Maps-Ludito-Test-checkManifestLockResult.txt",
			);
			runOnlyForDeploymentPostprocessing = 0;
			shellPath = /bin/sh;
			shellScript = "diff \"${PODS_PODFILE_DIR_PATH}/Podfile.lock\" \"${PODS_ROOT}/Manifest.lock\" > /dev/null\nif [ $? != 0 ] ; then\n    # print error to STDERR\n    echo \"error: The sandbox is not in sync with the Podfile.lock. Run 'pod install' or update your CocoaPods installation.\" >&2\n    exit 1\nfi\n# This output is used by Xcode 'outputs' to avoid re-running this script phase.\necho \"SUCCESS\" > \"${SCRIPT_OUTPUT_FILE_0}\"\n";
			showEnvVarsInLog = 0;
		};
		FE263D3DF2AC35C82921033A /* [CP] Copy Pods Resources */ = {
			isa = PBXShellScriptBuildPhase;
			buildActionMask = 2147483647;
			files = (
			);
			inputFileListPaths = (
				"${PODS_ROOT}/Target Support Files/Pods-Maps-Ludito-Test/Pods-Maps-Ludito-Test-resources-${CONFIGURATION}-input-files.xcfilelist",
			);
			name = "[CP] Copy Pods Resources";
			outputFileListPaths = (
				"${PODS_ROOT}/Target Support Files/Pods-Maps-Ludito-Test/Pods-Maps-Ludito-Test-resources-${CONFIGURATION}-output-files.xcfilelist",
			);
			runOnlyForDeploymentPostprocessing = 0;
			shellPath = /bin/sh;
			shellScript = "\"${PODS_ROOT}/Target Support Files/Pods-Maps-Ludito-Test/Pods-Maps-Ludito-Test-resources.sh\"\n";
			showEnvVarsInLog = 0;
		};
/* End PBXShellScriptBuildPhase section */

/* Begin PBXSourcesBuildPhase section */
		E296E5F62DC677AE00B6E364 /* Sources */ = {
			isa = PBXSourcesBuildPhase;
			buildActionMask = 2147483647;
			files = (
				E296E6222DC6808500B6E364 /* AppDelegate.swift in Sources */,
				E296E6362DC691FF00B6E364 /* LuditoTabBarTitleView.swift in Sources */,
				E296E6232DC6808500B6E364 /* SceneDelegate.swift in Sources */,
				E296E62D2DC6831F00B6E364 /* LuditoCustomTabBar.swift in Sources */,
				E296E6242DC6808500B6E364 /* LuditoCustomTabBarController.swift in Sources */,
				E296E6342DC68FB400B6E364 /* UserDetailsViewController.swift in Sources */,
				E296E6322DC68F9300B6E364 /* YandexMapsViewController.swift in Sources */,
				E296E6302DC68F6700B6E364 /* BookmarkViewController.swift in Sources */,
			);
			runOnlyForDeploymentPostprocessing = 0;
		};
/* End PBXSourcesBuildPhase section */

/* Begin PBXVariantGroup section */
		E296E6182DC6808500B6E364 /* LaunchScreen.storyboard */ = {
			isa = PBXVariantGroup;
			children = (
				E296E6172DC6808500B6E364 /* Base */,
			);
			name = LaunchScreen.storyboard;
			sourceTree = "<group>";
		};
		E296E61A2DC6808500B6E364 /* Main.storyboard */ = {
			isa = PBXVariantGroup;
			children = (
				E296E6192DC6808500B6E364 /* Base */,
			);
			name = Main.storyboard;
			sourceTree = "<group>";
		};
/* End PBXVariantGroup section */

/* Begin XCBuildConfiguration section */
		E296E60E2DC677B000B6E364 /* Debug */ = {
			isa = XCBuildConfiguration;
			baseConfigurationReference = F67777D2A8768006722B9564 /* Pods-Maps-Ludito-Test.debug.xcconfig */;
			buildSettings = {
				ASSETCATALOG_COMPILER_APPICON_NAME = AppIcon;
				ASSETCATALOG_COMPILER_GLOBAL_ACCENT_COLOR_NAME = AccentColor;
				CODE_SIGN_STYLE = Automatic;
				CURRENT_PROJECT_VERSION = 1;
				DEVELOPMENT_TEAM = LVML7564ED;
				ENABLE_USER_SCRIPT_SANDBOXING = NO;
				GENERATE_INFOPLIST_FILE = YES;
				INFOPLIST_FILE = "Maps-Ludito-Test/Info.plist";
				INFOPLIST_KEY_UIApplicationSupportsIndirectInputEvents = YES;
				INFOPLIST_KEY_UILaunchStoryboardName = LaunchScreen;
				INFOPLIST_KEY_UIMainStoryboardFile = Main;
				INFOPLIST_KEY_UISupportedInterfaceOrientations_iPad = "UIInterfaceOrientationPortrait UIInterfaceOrientationPortraitUpsideDown UIInterfaceOrientationLandscapeLeft UIInterfaceOrientationLandscapeRight";
				INFOPLIST_KEY_UISupportedInterfaceOrientations_iPhone = "UIInterfaceOrientationPortrait UIInterfaceOrientationLandscapeLeft UIInterfaceOrientationLandscapeRight";
				IPHONEOS_DEPLOYMENT_TARGET = 15.6;
				LD_RUNPATH_SEARCH_PATHS = (
					"$(inherited)",
					"@executable_path/Frameworks",
				);
				MARKETING_VERSION = 1.0;
				PRODUCT_BUNDLE_IDENTIFIER = "org.cee1e8b1ad4eef22.Maps-Ludito-Test";
				PRODUCT_NAME = "$(TARGET_NAME)";
				SWIFT_EMIT_LOC_STRINGS = YES;
				SWIFT_VERSION = 5.0;
				TARGETED_DEVICE_FAMILY = "1,2";
			};
			name = Debug;
		};
		E296E60F2DC677B000B6E364 /* Release */ = {
			isa = XCBuildConfiguration;
			baseConfigurationReference = 9F067CDC07E8D70E40AEB9AA /* Pods-Maps-Ludito-Test.release.xcconfig */;
			buildSettings = {
				ASSETCATALOG_COMPILER_APPICON_NAME = AppIcon;
				ASSETCATALOG_COMPILER_GLOBAL_ACCENT_COLOR_NAME = AccentColor;
				CODE_SIGN_STYLE = Automatic;
				CURRENT_PROJECT_VERSION = 1;
				DEVELOPMENT_TEAM = LVML7564ED;
				ENABLE_USER_SCRIPT_SANDBOXING = NO;
				GENERATE_INFOPLIST_FILE = YES;
				INFOPLIST_FILE = "Maps-Ludito-Test/Info.plist";
				INFOPLIST_KEY_UIApplicationSupportsIndirectInputEvents = YES;
				INFOPLIST_KEY_UILaunchStoryboardName = LaunchScreen;
				INFOPLIST_KEY_UIMainStoryboardFile = Main;
				INFOPLIST_KEY_UISupportedInterfaceOrientations_iPad = "UIInterfaceOrientationPortrait UIInterfaceOrientationPortraitUpsideDown UIInterfaceOrientationLandscapeLeft UIInterfaceOrientationLandscapeRight";
				INFOPLIST_KEY_UISupportedInterfaceOrientations_iPhone = "UIInterfaceOrientationPortrait UIInterfaceOrientationLandscapeLeft UIInterfaceOrientationLandscapeRight";
				IPHONEOS_DEPLOYMENT_TARGET = 15.6;
				LD_RUNPATH_SEARCH_PATHS = (
					"$(inherited)",
					"@executable_path/Frameworks",
				);
				MARKETING_VERSION = 1.0;
				PRODUCT_BUNDLE_IDENTIFIER = "org.cee1e8b1ad4eef22.Maps-Ludito-Test";
				PRODUCT_NAME = "$(TARGET_NAME)";
				SWIFT_EMIT_LOC_STRINGS = YES;
				SWIFT_VERSION = 5.0;
				TARGETED_DEVICE_FAMILY = "1,2";
			};
			name = Release;
		};
		E296E6102DC677B000B6E364 /* Debug */ = {
			isa = XCBuildConfiguration;
			buildSettings = {
				ALWAYS_SEARCH_USER_PATHS = NO;
				ASSETCATALOG_COMPILER_GENERATE_SWIFT_ASSET_SYMBOL_EXTENSIONS = YES;
				CLANG_ANALYZER_NONNULL = YES;
				CLANG_ANALYZER_NUMBER_OBJECT_CONVERSION = YES_AGGRESSIVE;
				CLANG_CXX_LANGUAGE_STANDARD = "gnu++20";
				CLANG_ENABLE_MODULES = YES;
				CLANG_ENABLE_OBJC_ARC = YES;
				CLANG_ENABLE_OBJC_WEAK = YES;
				CLANG_WARN_BLOCK_CAPTURE_AUTORELEASING = YES;
				CLANG_WARN_BOOL_CONVERSION = YES;
				CLANG_WARN_COMMA = YES;
				CLANG_WARN_CONSTANT_CONVERSION = YES;
				CLANG_WARN_DEPRECATED_OBJC_IMPLEMENTATIONS = YES;
				CLANG_WARN_DIRECT_OBJC_ISA_USAGE = YES_ERROR;
				CLANG_WARN_DOCUMENTATION_COMMENTS = YES;
				CLANG_WARN_EMPTY_BODY = YES;
				CLANG_WARN_ENUM_CONVERSION = YES;
				CLANG_WARN_INFINITE_RECURSION = YES;
				CLANG_WARN_INT_CONVERSION = YES;
				CLANG_WARN_NON_LITERAL_NULL_CONVERSION = YES;
				CLANG_WARN_OBJC_IMPLICIT_RETAIN_SELF = YES;
				CLANG_WARN_OBJC_LITERAL_CONVERSION = YES;
				CLANG_WARN_OBJC_ROOT_CLASS = YES_ERROR;
				CLANG_WARN_QUOTED_INCLUDE_IN_FRAMEWORK_HEADER = YES;
				CLANG_WARN_RANGE_LOOP_ANALYSIS = YES;
				CLANG_WARN_STRICT_PROTOTYPES = YES;
				CLANG_WARN_SUSPICIOUS_MOVE = YES;
				CLANG_WARN_UNGUARDED_AVAILABILITY = YES_AGGRESSIVE;
				CLANG_WARN_UNREACHABLE_CODE = YES;
				CLANG_WARN__DUPLICATE_METHOD_MATCH = YES;
				COPY_PHASE_STRIP = NO;
				DEBUG_INFORMATION_FORMAT = dwarf;
				DEVELOPMENT_TEAM = LVML7564ED;
				ENABLE_STRICT_OBJC_MSGSEND = YES;
				ENABLE_TESTABILITY = YES;
				ENABLE_USER_SCRIPT_SANDBOXING = YES;
				GCC_C_LANGUAGE_STANDARD = gnu17;
				GCC_DYNAMIC_NO_PIC = NO;
				GCC_NO_COMMON_BLOCKS = YES;
				GCC_OPTIMIZATION_LEVEL = 0;
				GCC_PREPROCESSOR_DEFINITIONS = (
					"DEBUG=1",
					"$(inherited)",
				);
				GCC_WARN_64_TO_32_BIT_CONVERSION = YES;
				GCC_WARN_ABOUT_RETURN_TYPE = YES_ERROR;
				GCC_WARN_UNDECLARED_SELECTOR = YES;
				GCC_WARN_UNINITIALIZED_AUTOS = YES_AGGRESSIVE;
				GCC_WARN_UNUSED_FUNCTION = YES;
				GCC_WARN_UNUSED_VARIABLE = YES;
				IPHONEOS_DEPLOYMENT_TARGET = 18.4;
				LOCALIZATION_PREFERS_STRING_CATALOGS = YES;
				MTL_ENABLE_DEBUG_INFO = INCLUDE_SOURCE;
				MTL_FAST_MATH = YES;
				ONLY_ACTIVE_ARCH = YES;
				SDKROOT = iphoneos;
				SWIFT_ACTIVE_COMPILATION_CONDITIONS = "DEBUG $(inherited)";
				SWIFT_OPTIMIZATION_LEVEL = "-Onone";
			};
			name = Debug;
		};
		E296E6112DC677B000B6E364 /* Release */ = {
			isa = XCBuildConfiguration;
			buildSettings = {
				ALWAYS_SEARCH_USER_PATHS = NO;
				ASSETCATALOG_COMPILER_GENERATE_SWIFT_ASSET_SYMBOL_EXTENSIONS = YES;
				CLANG_ANALYZER_NONNULL = YES;
				CLANG_ANALYZER_NUMBER_OBJECT_CONVERSION = YES_AGGRESSIVE;
				CLANG_CXX_LANGUAGE_STANDARD = "gnu++20";
				CLANG_ENABLE_MODULES = YES;
				CLANG_ENABLE_OBJC_ARC = YES;
				CLANG_ENABLE_OBJC_WEAK = YES;
				CLANG_WARN_BLOCK_CAPTURE_AUTORELEASING = YES;
				CLANG_WARN_BOOL_CONVERSION = YES;
				CLANG_WARN_COMMA = YES;
				CLANG_WARN_CONSTANT_CONVERSION = YES;
				CLANG_WARN_DEPRECATED_OBJC_IMPLEMENTATIONS = YES;
				CLANG_WARN_DIRECT_OBJC_ISA_USAGE = YES_ERROR;
				CLANG_WARN_DOCUMENTATION_COMMENTS = YES;
				CLANG_WARN_EMPTY_BODY = YES;
				CLANG_WARN_ENUM_CONVERSION = YES;
				CLANG_WARN_INFINITE_RECURSION = YES;
				CLANG_WARN_INT_CONVERSION = YES;
				CLANG_WARN_NON_LITERAL_NULL_CONVERSION = YES;
				CLANG_WARN_OBJC_IMPLICIT_RETAIN_SELF = YES;
				CLANG_WARN_OBJC_LITERAL_CONVERSION = YES;
				CLANG_WARN_OBJC_ROOT_CLASS = YES_ERROR;
				CLANG_WARN_QUOTED_INCLUDE_IN_FRAMEWORK_HEADER = YES;
				CLANG_WARN_RANGE_LOOP_ANALYSIS = YES;
				CLANG_WARN_STRICT_PROTOTYPES = YES;
				CLANG_WARN_SUSPICIOUS_MOVE = YES;
				CLANG_WARN_UNGUARDED_AVAILABILITY = YES_AGGRESSIVE;
				CLANG_WARN_UNREACHABLE_CODE = YES;
				CLANG_WARN__DUPLICATE_METHOD_MATCH = YES;
				COPY_PHASE_STRIP = NO;
				DEBUG_INFORMATION_FORMAT = "dwarf-with-dsym";
				DEVELOPMENT_TEAM = LVML7564ED;
				ENABLE_NS_ASSERTIONS = NO;
				ENABLE_STRICT_OBJC_MSGSEND = YES;
				ENABLE_USER_SCRIPT_SANDBOXING = YES;
				GCC_C_LANGUAGE_STANDARD = gnu17;
				GCC_NO_COMMON_BLOCKS = YES;
				GCC_WARN_64_TO_32_BIT_CONVERSION = YES;
				GCC_WARN_ABOUT_RETURN_TYPE = YES_ERROR;
				GCC_WARN_UNDECLARED_SELECTOR = YES;
				GCC_WARN_UNINITIALIZED_AUTOS = YES_AGGRESSIVE;
				GCC_WARN_UNUSED_FUNCTION = YES;
				GCC_WARN_UNUSED_VARIABLE = YES;
				IPHONEOS_DEPLOYMENT_TARGET = 18.4;
				LOCALIZATION_PREFERS_STRING_CATALOGS = YES;
				MTL_ENABLE_DEBUG_INFO = NO;
				MTL_FAST_MATH = YES;
				SDKROOT = iphoneos;
				SWIFT_COMPILATION_MODE = wholemodule;
				VALIDATE_PRODUCT = YES;
			};
			name = Release;
		};
/* End XCBuildConfiguration section */

/* Begin XCConfigurationList section */
		E296E5F52DC677AE00B6E364 /* Build configuration list for PBXProject "Maps-Ludito-Test" */ = {
			isa = XCConfigurationList;
			buildConfigurations = (
				E296E6102DC677B000B6E364 /* Debug */,
				E296E6112DC677B000B6E364 /* Release */,
			);
			defaultConfigurationIsVisible = 0;
			defaultConfigurationName = Release;
		};
		E296E60D2DC677B000B6E364 /* Build configuration list for PBXNativeTarget "Maps-Ludito-Test" */ = {
			isa = XCConfigurationList;
			buildConfigurations = (
				E296E60E2DC677B000B6E364 /* Debug */,
				E296E60F2DC677B000B6E364 /* Release */,
			);
			defaultConfigurationIsVisible = 0;
			defaultConfigurationName = Release;
		};
/* End XCConfigurationList section */
	};
	rootObject = E296E5F22DC677AE00B6E364 /* Project object */;
}
